
Microsoft Visual Studio Solution File, Format Version 12.00
# Visual Studio Version 16
VisualStudioVersion = 16.0.30104.148
MinimumVisualStudioVersion = 10.0.40219.1
Project("{FAE04EC0-301F-11D3-BF4B-00C04F79EFBC}") = "string", "string\string.csproj", "{82B338DF-D9D8-43ED-92EE-E4D9059BA06E}"
EndProject
Global
	GlobalSection(SolutionConfigurationPlatforms) = preSolution
		Debug|Any CPU = Debug|Any CPU
		Release|Any CPU = Release|Any CPU
	EndGlobalSection
	GlobalSection(ProjectConfigurationPlatforms) = postSolution
		{82B338DF-D9D8-43ED-92EE-E4D9059BA06E}.Debug|Any CPU.ActiveCfg = Debug|Any CPU
		{82B338DF-D9D8-43ED-92EE-E4D9059BA06E}.Debug|Any CPU.Build.0 = Debug|Any CPU
		{82B338DF-D9D8-43ED-92EE-E4D9059BA06E}.Release|Any CPU.ActiveCfg = Release|Any CPU
		{82B338DF-D9D8-43ED-92EE-E4D9059BA06E}.Release|Any CPU.Build.0 = Release|Any CPU
	EndGlobalSection
	GlobalSection(SolutionProperties) = preSolution
		HideSolutionNode = FALSE
	EndGlobalSection
	GlobalSection(ExtensibilityGlobals) = postSolution
		SolutionGuid = {7E28E48E-A24F-46EB-AE19-A19714DB58E5}
	EndGlobalSection
EndGlobal
