
Microsoft Visual Studio Solution File, Format Version 12.00
# Visual Studio Version 16
VisualStudioVersion = 16.0.30104.148
MinimumVisualStudioVersion = 10.0.40219.1
Project("{FAE04EC0-301F-11D3-BF4B-00C04F79EFBC}") = "inheritance", "inheritance\inheritance.csproj", "{BEB5F37D-B93E-4F9B-85D0-B51B24BB2BD0}"
EndProject
Global
	GlobalSection(SolutionConfigurationPlatforms) = preSolution
		Debug|Any CPU = Debug|Any CPU
		Release|Any CPU = Release|Any CPU
	EndGlobalSection
	GlobalSection(ProjectConfigurationPlatforms) = postSolution
		{BEB5F37D-B93E-4F9B-85D0-B51B24BB2BD0}.Debug|Any CPU.ActiveCfg = Debug|Any CPU
		{BEB5F37D-B93E-4F9B-85D0-B51B24BB2BD0}.Debug|Any CPU.Build.0 = Debug|Any CPU
		{BEB5F37D-B93E-4F9B-85D0-B51B24BB2BD0}.Release|Any CPU.ActiveCfg = Release|Any CPU
		{BEB5F37D-B93E-4F9B-85D0-B51B24BB2BD0}.Release|Any CPU.Build.0 = Release|Any CPU
	EndGlobalSection
	GlobalSection(SolutionProperties) = preSolution
		HideSolutionNode = FALSE
	EndGlobalSection
	GlobalSection(ExtensibilityGlobals) = postSolution
		SolutionGuid = {A3857099-6C38-433E-A0C4-7C06147778E2}
	EndGlobalSection
EndGlobal
