
Microsoft Visual Studio Solution File, Format Version 12.00
# Visual Studio Version 16
VisualStudioVersion = 16.0.30104.148
MinimumVisualStudioVersion = 10.0.40219.1
Project("{FAE04EC0-301F-11D3-BF4B-00C04F79EFBC}") = "stringbuilder", "stringbuilder\stringbuilder.csproj", "{90AECA0B-DBBD-46F6-8E4C-0C01972274B9}"
EndProject
Global
	GlobalSection(SolutionConfigurationPlatforms) = preSolution
		Debug|Any CPU = Debug|Any CPU
		Release|Any CPU = Release|Any CPU
	EndGlobalSection
	GlobalSection(ProjectConfigurationPlatforms) = postSolution
		{90AECA0B-DBBD-46F6-8E4C-0C01972274B9}.Debug|Any CPU.ActiveCfg = Debug|Any CPU
		{90AECA0B-DBBD-46F6-8E4C-0C01972274B9}.Debug|Any CPU.Build.0 = Debug|Any CPU
		{90AECA0B-DBBD-46F6-8E4C-0C01972274B9}.Release|Any CPU.ActiveCfg = Release|Any CPU
		{90AECA0B-DBBD-46F6-8E4C-0C01972274B9}.Release|Any CPU.Build.0 = Release|Any CPU
	EndGlobalSection
	GlobalSection(SolutionProperties) = preSolution
		HideSolutionNode = FALSE
	EndGlobalSection
	GlobalSection(ExtensibilityGlobals) = postSolution
		SolutionGuid = {86F9E4C6-E002-431C-961F-C47807BECC5D}
	EndGlobalSection
EndGlobal
