
Microsoft Visual Studio Solution File, Format Version 12.00
# Visual Studio Version 16
VisualStudioVersion = 16.0.30104.148
MinimumVisualStudioVersion = 10.0.40219.1
Project("{FAE04EC0-301F-11D3-BF4B-00C04F79EFBC}") = "static_constructor", "static_constructor\static_constructor.csproj", "{02933ACB-E296-4140-A7CC-40AE7828EC6C}"
EndProject
Global
	GlobalSection(SolutionConfigurationPlatforms) = preSolution
		Debug|Any CPU = Debug|Any CPU
		Release|Any CPU = Release|Any CPU
	EndGlobalSection
	GlobalSection(ProjectConfigurationPlatforms) = postSolution
		{02933ACB-E296-4140-A7CC-40AE7828EC6C}.Debug|Any CPU.ActiveCfg = Debug|Any CPU
		{02933ACB-E296-4140-A7CC-40AE7828EC6C}.Debug|Any CPU.Build.0 = Debug|Any CPU
		{02933ACB-E296-4140-A7CC-40AE7828EC6C}.Release|Any CPU.ActiveCfg = Release|Any CPU
		{02933ACB-E296-4140-A7CC-40AE7828EC6C}.Release|Any CPU.Build.0 = Release|Any CPU
	EndGlobalSection
	GlobalSection(SolutionProperties) = preSolution
		HideSolutionNode = FALSE
	EndGlobalSection
	GlobalSection(ExtensibilityGlobals) = postSolution
		SolutionGuid = {E5B9D03A-6B19-4E44-9A38-70AA744048DD}
	EndGlobalSection
EndGlobal
