
Microsoft Visual Studio Solution File, Format Version 12.00
# Visual Studio Version 16
VisualStudioVersion = 16.0.30104.148
MinimumVisualStudioVersion = 10.0.40219.1
Project("{FAE04EC0-301F-11D3-BF4B-00C04F79EFBC}") = "contructor2", "contructor2\contructor2.csproj", "{06677B36-BBC4-4A29-B84D-8740D21CF4E5}"
EndProject
Global
	GlobalSection(SolutionConfigurationPlatforms) = preSolution
		Debug|Any CPU = Debug|Any CPU
		Release|Any CPU = Release|Any CPU
	EndGlobalSection
	GlobalSection(ProjectConfigurationPlatforms) = postSolution
		{06677B36-BBC4-4A29-B84D-8740D21CF4E5}.Debug|Any CPU.ActiveCfg = Debug|Any CPU
		{06677B36-BBC4-4A29-B84D-8740D21CF4E5}.Debug|Any CPU.Build.0 = Debug|Any CPU
		{06677B36-BBC4-4A29-B84D-8740D21CF4E5}.Release|Any CPU.ActiveCfg = Release|Any CPU
		{06677B36-BBC4-4A29-B84D-8740D21CF4E5}.Release|Any CPU.Build.0 = Release|Any CPU
	EndGlobalSection
	GlobalSection(SolutionProperties) = preSolution
		HideSolutionNode = FALSE
	EndGlobalSection
	GlobalSection(ExtensibilityGlobals) = postSolution
		SolutionGuid = {ECCE5565-A1E2-4FEA-9780-19C2AEA8C5FC}
	EndGlobalSection
EndGlobal
