
Microsoft Visual Studio Solution File, Format Version 12.00
# Visual Studio Version 16
VisualStudioVersion = 16.0.30104.148
MinimumVisualStudioVersion = 10.0.40219.1
Project("{FAE04EC0-301F-11D3-BF4B-00C04F79EFBC}") = "casting_1", "casting_1\casting_1.csproj", "{5A16399B-A021-4DFB-B6CF-161E6B260A20}"
EndProject
Global
	GlobalSection(SolutionConfigurationPlatforms) = preSolution
		Debug|Any CPU = Debug|Any CPU
		Release|Any CPU = Release|Any CPU
	EndGlobalSection
	GlobalSection(ProjectConfigurationPlatforms) = postSolution
		{5A16399B-A021-4DFB-B6CF-161E6B260A20}.Debug|Any CPU.ActiveCfg = Debug|Any CPU
		{5A16399B-A021-4DFB-B6CF-161E6B260A20}.Debug|Any CPU.Build.0 = Debug|Any CPU
		{5A16399B-A021-4DFB-B6CF-161E6B260A20}.Release|Any CPU.ActiveCfg = Release|Any CPU
		{5A16399B-A021-4DFB-B6CF-161E6B260A20}.Release|Any CPU.Build.0 = Release|Any CPU
	EndGlobalSection
	GlobalSection(SolutionProperties) = preSolution
		HideSolutionNode = FALSE
	EndGlobalSection
	GlobalSection(ExtensibilityGlobals) = postSolution
		SolutionGuid = {29E82A33-18BE-452D-9134-41620DB50350}
	EndGlobalSection
EndGlobal
